Microsoft Visual Studio Solution File, Format Version 12.00
# Visual Studio Version 17
VisualStudioVersion = 17.5.2.0
MinimumVisualStudioVersion = 10.0.40219.1
Project("{FAE04EC0-301F-11D3-BF4B-00C04F79EFBC}") = "api-personalsite", "api-personalsite.csproj", "{2A3A85E3-614D-9CB6-0E45-24A5FE2D30B0}"
EndProject
Global
	GlobalSection(SolutionConfigurationPlatforms) = preSolution
		Debug|Any CPU = Debug|Any CPU
		Release|Any CPU = Release|Any CPU
	EndGlobalSection
	GlobalSection(ProjectConfigurationPlatforms) = postSolution
		{2A3A85E3-614D-9CB6-0E45-24A5FE2D30B0}.Debug|Any CPU.ActiveCfg = Debug|Any CPU
		{2A3A85E3-614D-9CB6-0E45-24A5FE2D30B0}.Debug|Any CPU.Build.0 = Debug|Any CPU
		{2A3A85E3-614D-9CB6-0E45-24A5FE2D30B0}.Release|Any CPU.ActiveCfg = Release|Any CPU
		{2A3A85E3-614D-9CB6-0E45-24A5FE2D30B0}.Release|Any CPU.Build.0 = Release|Any CPU
	EndGlobalSection
	GlobalSection(SolutionProperties) = preSolution
		HideSolutionNode = FALSE
	EndGlobalSection
	GlobalSection(ExtensibilityGlobals) = postSolution
		SolutionGuid = {0E769986-46A1-45CE-A0AB-4F8FCB70AD9B}
	EndGlobalSection
EndGlobal
